// !$*UTF8*$!
{
	archiveVersion = 1;
	classes = {
	};
	objectVersion = 77;
	objects = {

/* Begin PBXBuildFile section */
		00474E6E2F2A61B5004772CB /* SensorGuardDB.xcdatamodeld in Sources */ = {isa = PBXBuildFile; fileRef = 00474E6C2F2A61B5004772CB /* SensorGuardDB.xcdatamodeld */; };
/* End PBXBuildFile section */

/* Begin PBXContainerItemProxy section */
		0095CAD82F29627900927DAE /* PBXContainerItemProxy */ = {
			isa = PBXContainerItemProxy;
			containerPortal = 0095CAC22F29627600927DAE /* Project object */;
			proxyType = 1;
			remoteGlobalIDString = 0095CAC92F29627700927DAE;
			remoteInfo = SensorGuardian;
		};
		0095CAE22F29627900927DAE /* PBXContainerItemProxy */ = {
			isa = PBXContainerItemProxy;
			containerPortal = 0095CAC22F29627600927DAE /* Project object */;
			proxyType = 1;
			remoteGlobalIDString = 0095CAC92F29627700927DAE;
			remoteInfo = SensorGuardian;
		};
/* End PBXContainerItemProxy section */

/* Begin PBXFileReference section */
		00474E6D2F2A61B5004772CB /* SensorGuardDB.xcdatamodel */ = {isa = PBXFileReference; lastKnownFileType = wrapper.xcdatamodel; path = SensorGuardDB.xcdatamodel; sourceTree = "<group>"; };
		0095CACA2F29627700927DAE /* SensorGuardian.app */ = {isa = PBXFileReference; explicitFileType = wrapper.application; includeInIndex = 0; path = SensorGuardian.app; sourceTree = BUILT_PRODUCTS_DIR; };
		0095CAD72F29627900927DAE /* SensorGuardianTests.xctest */ = {isa = PBXFileReference; explicitFileType = wrapper.cfbundle; includeInIndex = 0; path = SensorGuardianTests.xctest; sourceTree = BUILT_PRODUCTS_DIR; };
		0095CAE12F29627900927DAE /* SensorGuardianUITests.xctest */ = {isa = PBXFileReference; explicitFileType = wrapper.cfbundle; includeInIndex = 0; path = SensorGuardianUITests.xctest; sourceTree = BUILT_PRODUCTS_DIR; };
/* End PBXFileReference section */

/* Begin PBXFileSystemSynchronizedRootGroup section */
		00474E1C2F2A5DB8004772CB /* Domain */ = {
			isa = PBXFileSystemSynchronizedRootGroup;
			path = Domain;
			sourceTree = "<group>";
		};
		00474E232F2A5DDE004772CB /* Features */ = {
			isa = PBXFileSystemSynchronizedRootGroup;
			path = Features;
			sourceTree = "<group>";
		};
		00474E342F2A5ED0004772CB /* Core */ = {
			isa = PBXFileSystemSynchronizedRootGroup;
			path = Core;
			sourceTree = "<group>";
		};
		00474E622F2A6017004772CB /* Resources */ = {
			isa = PBXFileSystemSynchronizedRootGroup;
			path = Resources;
			sourceTree = "<group>";
		};
		0095CACC2F29627700927DAE /* SensorGuardian */ = {
			isa = PBXFileSystemSynchronizedRootGroup;
			path = SensorGuardian;
			sourceTree = "<group>";
		};
		0095CADA2F29627900927DAE /* SensorGuardianTests */ = {
			isa = PBXFileSystemSynchronizedRootGroup;
			path = SensorGuardianTests;
			sourceTree = "<group>";
		};
		0095CAE42F29627900927DAE /* SensorGuardianUITests */ = {
			isa = PBXFileSystemSynchronizedRootGroup;
			path = SensorGuardianUITests;
			sourceTree = "<group>";
		};
/* End PBXFileSystemSynchronizedRootGroup section */

/* Begin PBXFrameworksBuildPhase section */
		0095CAC72F29627700927DAE /* Frameworks */ = {
			isa = PBXFrameworksBuildPhase;
			buildActionMask = 2147483647;
			files = (
			);
			runOnlyForDeploymentPostprocessing = 0;
		};
		0095CAD42F29627900927DAE /* Frameworks */ = {
			isa = PBXFrameworksBuildPhase;
			buildActionMask = 2147483647;
			files = (
			);
			runOnlyForDeploymentPostprocessing = 0;
		};
		0095CADE2F29627900927DAE /* Frameworks */ = {
			isa = PBXFrameworksBuildPhase;
			buildActionMask = 2147483647;
			files = (
			);
			runOnlyForDeploymentPostprocessing = 0;
		};
/* End PBXFrameworksBuildPhase section */

/* Begin PBXGroup section */
		0095CAC12F29627600927DAE = {
			isa = PBXGroup;
			children = (
				00474E6C2F2A61B5004772CB /* SensorGuardDB.xcdatamodeld */,
				00474E622F2A6017004772CB /* Resources */,
				00474E342F2A5ED0004772CB /* Core */,
				00474E232F2A5DDE004772CB /* Features */,
				00474E1C2F2A5DB8004772CB /* Domain */,
				0095CACC2F29627700927DAE /* SensorGuardian */,
				0095CADA2F29627900927DAE /* SensorGuardianTests */,
				0095CAE42F29627900927DAE /* SensorGuardianUITests */,
				0095CACB2F29627700927DAE /* Products */,
			);
			sourceTree = "<group>";
		};
		0095CACB2F29627700927DAE /* Products */ = {
			isa = PBXGroup;
			children = (
				0095CACA2F29627700927DAE /* SensorGuardian.app */,
				0095CAD72F29627900927DAE /* SensorGuardianTests.xctest */,
				0095CAE12F29627900927DAE /* SensorGuardianUITests.xctest */,
			);
			name = Products;
			sourceTree = "<group>";
		};
/* End PBXGroup section */

/* Begin PBXNativeTarget section */
		0095CAC92F29627700927DAE /* SensorGuardian */ = {
			isa = PBXNativeTarget;
			buildConfigurationList = 0095CAEB2F29627900927DAE /* Build configuration list for PBXNativeTarget "SensorGuardian" */;
			buildPhases = (
				0095CAC62F29627700927DAE /* Sources */,
				0095CAC72F29627700927DAE /* Frameworks */,
				0095CAC82F29627700927DAE /* Resources */,
			);
			buildRules = (
			);
			dependencies = (
			);
			fileSystemSynchronizedGroups = (
				00474E1C2F2A5DB8004772CB /* Domain */,
				00474E232F2A5DDE004772CB /* Features */,
				00474E342F2A5ED0004772CB /* Core */,
				00474E622F2A6017004772CB /* Resources */,
				0095CACC2F29627700927DAE /* SensorGuardian */,
			);
			name = SensorGuardian;
			packageProductDependencies = (
			);
			productName = SensorGuardian;
			productReference = 0095CACA2F29627700927DAE /* SensorGuardian.app */;
			productType = "com.apple.product-type.application";
		};
		0095CAD62F29627900927DAE /* SensorGuardianTests */ = {
			isa = PBXNativeTarget;
			buildConfigurationList = 0095CAEE2F29627900927DAE /* Build configuration list for PBXNativeTarget "SensorGuardianTests" */;
			buildPhases = (
				0095CAD32F29627900927DAE /* Sources */,
				0095CAD42F29627900927DAE /* Frameworks */,
				0095CAD52F29627900927DAE /* Resources */,
			);
			buildRules = (
			);
			dependencies = (
				0095CAD92F29627900927DAE /* PBXTargetDependency */,
			);
			fileSystemSynchronizedGroups = (
				0095CADA2F29627900927DAE /* SensorGuardianTests */,
			);
			name = SensorGuardianTests;
			packageProductDependencies = (
			);
			productName = SensorGuardianTests;
			productReference = 0095CAD72F29627900927DAE /* SensorGuardianTests.xctest */;
			productType = "com.apple.product-type.bundle.unit-test";
		};
		0095CAE02F29627900927DAE /* SensorGuardianUITests */ = {
			isa = PBXNativeTarget;
			buildConfigurationList = 0095CAF12F29627900927DAE /* Build configuration list for PBXNativeTarget "SensorGuardianUITests" */;
			buildPhases = (
				0095CADD2F29627900927DAE /* Sources */,
				0095CADE2F29627900927DAE /* Frameworks */,
				0095CADF2F29627900927DAE /* Resources */,
			);
			buildRules = (
			);
			dependencies = (
				0095CAE32F29627900927DAE /* PBXTargetDependency */,
			);
			fileSystemSynchronizedGroups = (
				0095CAE42F29627900927DAE /* SensorGuardianUITests */,
			);
			name = SensorGuardianUITests;
			packageProductDependencies = (
			);
			productName = SensorGuardianUITests;
			productReference = 0095CAE12F29627900927DAE /* SensorGuardianUITests.xctest */;
			productType = "com.apple.product-type.bundle.ui-testing";
		};
/* End PBXNativeTarget section */

/* Begin PBXProject section */
		0095CAC22F29627600927DAE /* Project object */ = {
			isa = PBXProject;
			attributes = {
				BuildIndependentTargetsInParallel = 1;
				LastSwiftUpdateCheck = 1640;
				LastUpgradeCheck = 1640;
				TargetAttributes = {
					0095CAC92F29627700927DAE = {
						CreatedOnToolsVersion = 16.4;
					};
					0095CAD62F29627900927DAE = {
						CreatedOnToolsVersion = 16.4;
						TestTargetID = 0095CAC92F29627700927DAE;
					};
					0095CAE02F29627900927DAE = {
						CreatedOnToolsVersion = 16.4;
						TestTargetID = 0095CAC92F29627700927DAE;
					};
				};
			};
			buildConfigurationList = 0095CAC52F29627600927DAE /* Build configuration list for PBXProject "SensorGuardian" */;
			developmentRegion = en;
			hasScannedForEncodings = 0;
			knownRegions = (
				en,
				Base,
			);
			mainGroup = 0095CAC12F29627600927DAE;
			minimizedProjectReferenceProxies = 1;
			preferredProjectObjectVersion = 77;
			productRefGroup = 0095CACB2F29627700927DAE /* Products */;
			projectDirPath = "";
			projectRoot = "";
			targets = (
				0095CAC92F29627700927DAE /* SensorGuardian */,
				0095CAD62F29627900927DAE /* SensorGuardianTests */,
				0095CAE02F29627900927DAE /* SensorGuardianUITests */,
			);
		};
/* End PBXProject section */

/* Begin PBXResourcesBuildPhase section */
		0095CAC82F29627700927DAE /* Resources */ = {
			isa = PBXResourcesBuildPhase;
			buildActionMask = 2147483647;
			files = (
			);
			runOnlyForDeploymentPostprocessing = 0;
		};
		0095CAD52F29627900927DAE /* Resources */ = {
			isa = PBXResourcesBuildPhase;
			buildActionMask = 2147483647;
			files = (
			);
			runOnlyForDeploymentPostprocessing = 0;
		};
		0095CADF2F29627900927DAE /* Resources */ = {
			isa = PBXResourcesBuildPhase;
			buildActionMask = 2147483647;
			files = (
			);
			runOnlyForDeploymentPostprocessing = 0;
		};
/* End PBXResourcesBuildPhase section */

/* Begin PBXSourcesBuildPhase section */
		0095CAC62F29627700927DAE /* Sources */ = {
			isa = PBXSourcesBuildPhase;
			buildActionMask = 2147483647;
			files = (
				00474E6E2F2A61B5004772CB /* SensorGuardDB.xcdatamodeld in Sources */,
			);
			runOnlyForDeploymentPostprocessing = 0;
		};
		0095CAD32F29627900927DAE /* Sources */ = {
			isa = PBXSourcesBuildPhase;
			buildActionMask = 2147483647;
			files = (
			);
			runOnlyForDeploymentPostprocessing = 0;
		};
		0095CADD2F29627900927DAE /* Sources */ = {
			isa = PBXSourcesBuildPhase;
			buildActionMask = 2147483647;
			files = (
			);
			runOnlyForDeploymentPostprocessing = 0;
		};
/* End PBXSourcesBuildPhase section */

/* Begin PBXTargetDependency section */
		0095CAD92F29627900927DAE /* PBXTargetDependency */ = {
			isa = PBXTargetDependency;
			target = 0095CAC92F29627700927DAE /* SensorGuardian */;
			targetProxy = 0095CAD82F29627900927DAE /* PBXContainerItemProxy */;
		};
		0095CAE32F29627900927DAE /* PBXTargetDependency */ = {
			isa = PBXTargetDependency;
			target = 0095CAC92F29627700927DAE /* SensorGuardian */;
			targetProxy = 0095CAE22F29627900927DAE /* PBXContainerItemProxy */;
		};
/* End PBXTargetDependency section */

/* Begin XCBuildConfiguration section */
		0095CAE92F29627900927DAE /* Debug */ = {
			isa = XCBuildConfiguration;
			buildSettings = {
				ALWAYS_SEARCH_USER_PATHS = NO;
				ASSETCATALOG_COMPILER_GENERATE_SWIFT_ASSET_SYMBOL_EXTENSIONS = YES;
				CLANG_ANALYZER_NONNULL = YES;
				CLANG_ANALYZER_NUMBER_OBJECT_CONVERSION = YES_AGGRESSIVE;
				CLANG_CXX_LANGUAGE_STANDARD = "gnu++20";
				CLANG_ENABLE_MODULES = YES;
				CLANG_ENABLE_OBJC_ARC = YES;
				CLANG_ENABLE_OBJC_WEAK = YES;
				CLANG_WARN_BLOCK_CAPTURE_AUTORELEASING = YES;
				CLANG_WARN_BOOL_CONVERSION = YES;
				CLANG_WARN_COMMA = YES;
				CLANG_WARN_CONSTANT_CONVERSION = YES;
				CLANG_WARN_DEPRECATED_OBJC_IMPLEMENTATIONS = YES;
				CLANG_WARN_DIRECT_OBJC_ISA_USAGE = YES_ERROR;
				CLANG_WARN_DOCUMENTATION_COMMENTS = YES;
				CLANG_WARN_EMPTY_BODY = YES;
				CLANG_WARN_ENUM_CONVERSION = YES;
				CLANG_WARN_INFINITE_RECURSION = YES;
				CLANG_WARN_INT_CONVERSION = YES;
				CLANG_WARN_NON_LITERAL_NULL_CONVERSION = YES;
				CLANG_WARN_OBJC_IMPLICIT_RETAIN_SELF = YES;
				CLANG_WARN_OBJC_LITERAL_CONVERSION = YES;
				CLANG_WARN_OBJC_ROOT_CLASS = YES_ERROR;
				CLANG_WARN_QUOTED_INCLUDE_IN_FRAMEWORK_HEADER = YES;
				CLANG_WARN_RANGE_LOOP_ANALYSIS = YES;
				CLANG_WARN_STRICT_PROTOTYPES = YES;
				CLANG_WARN_SUSPICIOUS_MOVE = YES;
				CLANG_WARN_UNGUARDED_AVAILABILITY = YES_AGGRESSIVE;
				CLANG_WARN_UNREACHABLE_CODE = YES;
				CLANG_WARN__DUPLICATE_METHOD_MATCH = YES;
				COPY_PHASE_STRIP = NO;
				DEBUG_INFORMATION_FORMAT = dwarf;
				DEVELOPMENT_TEAM = 3LV4DVG3T4;
				ENABLE_STRICT_OBJC_MSGSEND = YES;
				ENABLE_TESTABILITY = YES;
				ENABLE_USER_SCRIPT_SANDBOXING = YES;
				GCC_C_LANGUAGE_STANDARD = gnu17;
				GCC_DYNAMIC_NO_PIC = NO;
				GCC_NO_COMMON_BLOCKS = YES;
				GCC_OPTIMIZATION_LEVEL = 0;
				GCC_PREPROCESSOR_DEFINITIONS = (
					"DEBUG=1",
					"$(inherited)",
				);
				GCC_WARN_64_TO_32_BIT_CONVERSION = YES;
				GCC_WARN_ABOUT_RETURN_TYPE = YES_ERROR;
				GCC_WARN_UNDECLARED_SELECTOR = YES;
				GCC_WARN_UNINITIALIZED_AUTOS = YES_AGGRESSIVE;
				GCC_WARN_UNUSED_FUNCTION = YES;
				GCC_WARN_UNUSED_VARIABLE = YES;
				IPHONEOS_DEPLOYMENT_TARGET = 18.5;
				LOCALIZATION_PREFERS_STRING_CATALOGS = YES;
				MTL_ENABLE_DEBUG_INFO = INCLUDE_SOURCE;
				MTL_FAST_MATH = YES;
				ONLY_ACTIVE_ARCH = YES;
				SDKROOT = iphoneos;
				SWIFT_ACTIVE_COMPILATION_CONDITIONS = "DEBUG $(inherited)";
				SWIFT_OPTIMIZATION_LEVEL = "-Onone";
			};
			name = Debug;
		};
		0095CAEA2F29627900927DAE /* Release */ = {
			isa = XCBuildConfiguration;
			buildSettings = {
				ALWAYS_SEARCH_USER_PATHS = NO;
				ASSETCATALOG_COMPILER_GENERATE_SWIFT_ASSET_SYMBOL_EXTENSIONS = YES;
				CLANG_ANALYZER_NONNULL = YES;
				CLANG_ANALYZER_NUMBER_OBJECT_CONVERSION = YES_AGGRESSIVE;
				CLANG_CXX_LANGUAGE_STANDARD = "gnu++20";
				CLANG_ENABLE_MODULES = YES;
				CLANG_ENABLE_OBJC_ARC = YES;
				CLANG_ENABLE_OBJC_WEAK = YES;
				CLANG_WARN_BLOCK_CAPTURE_AUTORELEASING = YES;
				CLANG_WARN_BOOL_CONVERSION = YES;
				CLANG_WARN_COMMA = YES;
				CLANG_WARN_CONSTANT_CONVERSION = YES;
				CLANG_WARN_DEPRECATED_OBJC_IMPLEMENTATIONS = YES;
				CLANG_WARN_DIRECT_OBJC_ISA_USAGE = YES_ERROR;
				CLANG_WARN_DOCUMENTATION_COMMENTS = YES;
				CLANG_WARN_EMPTY_BODY = YES;
				CLANG_WARN_ENUM_CONVERSION = YES;
				CLANG_WARN_INFINITE_RECURSION = YES;
				CLANG_WARN_INT_CONVERSION = YES;
				CLANG_WARN_NON_LITERAL_NULL_CONVERSION = YES;
				CLANG_WARN_OBJC_IMPLICIT_RETAIN_SELF = YES;
				CLANG_WARN_OBJC_LITERAL_CONVERSION = YES;
				CLANG_WARN_OBJC_ROOT_CLASS = YES_ERROR;
				CLANG_WARN_QUOTED_INCLUDE_IN_FRAMEWORK_HEADER = YES;
				CLANG_WARN_RANGE_LOOP_ANALYSIS = YES;
				CLANG_WARN_STRICT_PROTOTYPES = YES;
				CLANG_WARN_SUSPICIOUS_MOVE = YES;
				CLANG_WARN_UNGUARDED_AVAILABILITY = YES_AGGRESSIVE;
				CLANG_WARN_UNREACHABLE_CODE = YES;
				CLANG_WARN__DUPLICATE_METHOD_MATCH = YES;
				COPY_PHASE_STRIP = NO;
				DEBUG_INFORMATION_FORMAT = "dwarf-with-dsym";
				DEVELOPMENT_TEAM = 3LV4DVG3T4;
				ENABLE_NS_ASSERTIONS = NO;
				ENABLE_STRICT_OBJC_MSGSEND = YES;
				ENABLE_USER_SCRIPT_SANDBOXING = YES;
				GCC_C_LANGUAGE_STANDARD = gnu17;
				GCC_NO_COMMON_BLOCKS = YES;
				GCC_WARN_64_TO_32_BIT_CONVERSION = YES;
				GCC_WARN_ABOUT_RETURN_TYPE = YES_ERROR;
				GCC_WARN_UNDECLARED_SELECTOR = YES;
				GCC_WARN_UNINITIALIZED_AUTOS = YES_AGGRESSIVE;
				GCC_WARN_UNUSED_FUNCTION = YES;
				GCC_WARN_UNUSED_VARIABLE = YES;
				IPHONEOS_DEPLOYMENT_TARGET = 18.5;
				LOCALIZATION_PREFERS_STRING_CATALOGS = YES;
				MTL_ENABLE_DEBUG_INFO = NO;
				MTL_FAST_MATH = YES;
				SDKROOT = iphoneos;
				SWIFT_COMPILATION_MODE = wholemodule;
				VALIDATE_PRODUCT = YES;
			};
			name = Release;
		};
		0095CAEC2F29627900927DAE /* Debug */ = {
			isa = XCBuildConfiguration;
			buildSettings = {
				ASSETCATALOG_COMPILER_APPICON_NAME = AppIcon;
				ASSETCATALOG_COMPILER_GLOBAL_ACCENT_COLOR_NAME = AccentColor;
				CODE_SIGN_STYLE = Automatic;
				CURRENT_PROJECT_VERSION = 1;
				DEVELOPMENT_TEAM = 3LV4DVG3T4;
				ENABLE_PREVIEWS = YES;
				GENERATE_INFOPLIST_FILE = YES;
				INFOPLIST_KEY_UIApplicationSceneManifest_Generation = YES;
				INFOPLIST_KEY_UIApplicationSupportsIndirectInputEvents = YES;
				INFOPLIST_KEY_UILaunchScreen_Generation = YES;
				INFOPLIST_KEY_UISupportedInterfaceOrientations_iPad = "UIInterfaceOrientationPortrait UIInterfaceOrientationPortraitUpsideDown UIInterfaceOrientationLandscapeLeft UIInterfaceOrientationLandscapeRight";
				INFOPLIST_KEY_UISupportedInterfaceOrientations_iPhone = "UIInterfaceOrientationPortrait UIInterfaceOrientationLandscapeLeft UIInterfaceOrientationLandscapeRight";
				LD_RUNPATH_SEARCH_PATHS = (
					"$(inherited)",
					"@executable_path/Frameworks",
				);
				MARKETING_VERSION = 1.0;
				PRODUCT_BUNDLE_IDENTIFIER = com.atakanozcan.SensorGuardian;
				PRODUCT_NAME = "$(TARGET_NAME)";
				SWIFT_EMIT_LOC_STRINGS = YES;
				SWIFT_VERSION = 5.0;
				TARGETED_DEVICE_FAMILY = "1,2";
			};
			name = Debug;
		};
		0095CAED2F29627900927DAE /* Release */ = {
			isa = XCBuildConfiguration;
			buildSettings = {
				ASSETCATALOG_COMPILER_APPICON_NAME = AppIcon;
				ASSETCATALOG_COMPILER_GLOBAL_ACCENT_COLOR_NAME = AccentColor;
				CODE_SIGN_STYLE = Automatic;
				CURRENT_PROJECT_VERSION = 1;
				DEVELOPMENT_TEAM = 3LV4DVG3T4;
				ENABLE_PREVIEWS = YES;
				GENERATE_INFOPLIST_FILE = YES;
				INFOPLIST_KEY_UIApplicationSceneManifest_Generation = YES;
				INFOPLIST_KEY_UIApplicationSupportsIndirectInputEvents = YES;
				INFOPLIST_KEY_UILaunchScreen_Generation = YES;
				INFOPLIST_KEY_UISupportedInterfaceOrientations_iPad = "UIInterfaceOrientationPortrait UIInterfaceOrientationPortraitUpsideDown UIInterfaceOrientationLandscapeLeft UIInterfaceOrientationLandscapeRight";
				INFOPLIST_KEY_UISupportedInterfaceOrientations_iPhone = "UIInterfaceOrientationPortrait UIInterfaceOrientationLandscapeLeft UIInterfaceOrientationLandscapeRight";
				LD_RUNPATH_SEARCH_PATHS = (
					"$(inherited)",
					"@executable_path/Frameworks",
				);
				MARKETING_VERSION = 1.0;
				PRODUCT_BUNDLE_IDENTIFIER = com.atakanozcan.SensorGuardian;
				PRODUCT_NAME = "$(TARGET_NAME)";
				SWIFT_EMIT_LOC_STRINGS = YES;
				SWIFT_VERSION = 5.0;
				TARGETED_DEVICE_FAMILY = "1,2";
			};
			name = Release;
		};
		0095CAEF2F29627900927DAE /* Debug */ = {
			isa = XCBuildConfiguration;
			buildSettings = {
				BUNDLE_LOADER = "$(TEST_HOST)";
				CODE_SIGN_STYLE = Automatic;
				CURRENT_PROJECT_VERSION = 1;
				DEVELOPMENT_TEAM = 3LV4DVG3T4;
				GENERATE_INFOPLIST_FILE = YES;
				IPHONEOS_DEPLOYMENT_TARGET = 18.5;
				MARKETING_VERSION = 1.0;
				PRODUCT_BUNDLE_IDENTIFIER = com.atakanozcan.SensorGuardianTests;
				PRODUCT_NAME = "$(TARGET_NAME)";
				SWIFT_EMIT_LOC_STRINGS = NO;
				SWIFT_VERSION = 5.0;
				TARGETED_DEVICE_FAMILY = "1,2";
				TEST_HOST = "$(BUILT_PRODUCTS_DIR)/SensorGuardian.app/$(BUNDLE_EXECUTABLE_FOLDER_PATH)/SensorGuardian";
			};
			name = Debug;
		};
		0095CAF02F29627900927DAE /* Release */ = {
			isa = XCBuildConfiguration;
			buildSettings = {
				BUNDLE_LOADER = "$(TEST_HOST)";
				CODE_SIGN_STYLE = Automatic;
				CURRENT_PROJECT_VERSION = 1;
				DEVELOPMENT_TEAM = 3LV4DVG3T4;
				GENERATE_INFOPLIST_FILE = YES;
				IPHONEOS_DEPLOYMENT_TARGET = 18.5;
				MARKETING_VERSION = 1.0;
				PRODUCT_BUNDLE_IDENTIFIER = com.atakanozcan.SensorGuardianTests;
				PRODUCT_NAME = "$(TARGET_NAME)";
				SWIFT_EMIT_LOC_STRINGS = NO;
				SWIFT_VERSION = 5.0;
				TARGETED_DEVICE_FAMILY = "1,2";
				TEST_HOST = "$(BUILT_PRODUCTS_DIR)/SensorGuardian.app/$(BUNDLE_EXECUTABLE_FOLDER_PATH)/SensorGuardian";
			};
			name = Release;
		};
		0095CAF22F29627900927DAE /* Debug */ = {
			isa = XCBuildConfiguration;
			buildSettings = {
				CODE_SIGN_STYLE = Automatic;
				CURRENT_PROJECT_VERSION = 1;
				DEVELOPMENT_TEAM = 3LV4DVG3T4;
				GENERATE_INFOPLIST_FILE = YES;
				MARKETING_VERSION = 1.0;
				PRODUCT_BUNDLE_IDENTIFIER = com.atakanozcan.SensorGuardianUITests;
				PRODUCT_NAME = "$(TARGET_NAME)";
				SWIFT_EMIT_LOC_STRINGS = NO;
				SWIFT_VERSION = 5.0;
				TARGETED_DEVICE_FAMILY = "1,2";
				TEST_TARGET_NAME = SensorGuardian;
			};
			name = Debug;
		};
		0095CAF32F29627900927DAE /* Release */ = {
			isa = XCBuildConfiguration;
			buildSettings = {
				CODE_SIGN_STYLE = Automatic;
				CURRENT_PROJECT_VERSION = 1;
				DEVELOPMENT_TEAM = 3LV4DVG3T4;
				GENERATE_INFOPLIST_FILE = YES;
				MARKETING_VERSION = 1.0;
				PRODUCT_BUNDLE_IDENTIFIER = com.atakanozcan.SensorGuardianUITests;
				PRODUCT_NAME = "$(TARGET_NAME)";
				SWIFT_EMIT_LOC_STRINGS = NO;
				SWIFT_VERSION = 5.0;
				TARGETED_DEVICE_FAMILY = "1,2";
				TEST_TARGET_NAME = SensorGuardian;
			};
			name = Release;
		};
/* End XCBuildConfiguration section */

/* Begin XCConfigurationList section */
		0095CAC52F29627600927DAE /* Build configuration list for PBXProject "SensorGuardian" */ = {
			isa = XCConfigurationList;
			buildConfigurations = (
				0095CAE92F29627900927DAE /* Debug */,
				0095CAEA2F29627900927DAE /* Release */,
			);
			defaultConfigurationIsVisible = 0;
			defaultConfigurationName = Release;
		};
		0095CAEB2F29627900927DAE /* Build configuration list for PBXNativeTarget "SensorGuardian" */ = {
			isa = XCConfigurationList;
			buildConfigurations = (
				0095CAEC2F29627900927DAE /* Debug */,
				0095CAED2F29627900927DAE /* Release */,
			);
			defaultConfigurationIsVisible = 0;
			defaultConfigurationName = Release;
		};
		0095CAEE2F29627900927DAE /* Build configuration list for PBXNativeTarget "SensorGuardianTests" */ = {
			isa = XCConfigurationList;
			buildConfigurations = (
				0095CAEF2F29627900927DAE /* Debug */,
				0095CAF02F29627900927DAE /* Release */,
			);
			defaultConfigurationIsVisible = 0;
			defaultConfigurationName = Release;
		};
		0095CAF12F29627900927DAE /* Build configuration list for PBXNativeTarget "SensorGuardianUITests" */ = {
			isa = XCConfigurationList;
			buildConfigurations = (
				0095CAF22F29627900927DAE /* Debug */,
				0095CAF32F29627900927DAE /* Release */,
			);
			defaultConfigurationIsVisible = 0;
			defaultConfigurationName = Release;
		};
/* End XCConfigurationList section */

/* Begin XCVersionGroup section */
		00474E6C2F2A61B5004772CB /* SensorGuardDB.xcdatamodeld */ = {
			isa = XCVersionGroup;
			children = (
				00474E6D2F2A61B5004772CB /* SensorGuardDB.xcdatamodel */,
			);
			currentVersion = 00474E6D2F2A61B5004772CB /* SensorGuardDB.xcdatamodel */;
			path = SensorGuardDB.xcdatamodeld;
			sourceTree = "<group>";
			versionGroupType = wrapper.xcdatamodel;
		};
/* End XCVersionGroup section */
	};
	rootObject = 0095CAC22F29627600927DAE /* Project object */;
}
